// !$*UTF8*$!
{
	archiveVersion = 1;
	classes = {
	};
	objectVersion = 56;
	objects = {

/* Begin PBXBuildFile section */
		5E3FDEE42B6BE537004454BD /* TempoChangeApp.swift in Sources */ = {isa = PBXBuildFile; fileRef = 5E3FDEE32B6BE537004454BD /* TempoChangeApp.swift */; };
		5E3FDEE62B6BE537004454BD /* ContentView.swift in Sources */ = {isa = PBXBuildFile; fileRef = 5E3FDEE52B6BE537004454BD /* ContentView.swift */; };
		5E3FDEE82B6BE53A004454BD /* Assets.xcassets in Resources */ = {isa = PBXBuildFile; fileRef = 5E3FDEE72B6BE53A004454BD /* Assets.xcassets */; };
		5E3FDEEC2B6BE53A004454BD /* Preview Assets.xcassets in Resources */ = {isa = PBXBuildFile; fileRef = 5E3FDEEB2B6BE53A004454BD /* Preview Assets.xcassets */; };
		5E3FDEF62B6BE53B004454BD /* TempoChangeTests.swift in Sources */ = {isa = PBXBuildFile; fileRef = 5E3FDEF52B6BE53B004454BD /* TempoChangeTests.swift */; };
		5E3FDF002B6BE53B004454BD /* TempoChangeUITests.swift in Sources */ = {isa = PBXBuildFile; fileRef = 5E3FDEFF2B6BE53B004454BD /* TempoChangeUITests.swift */; };
		5E3FDF022B6BE53B004454BD /* TempoChangeUITestsLaunchTests.swift in Sources */ = {isa = PBXBuildFile; fileRef = 5E3FDF012B6BE53B004454BD /* TempoChangeUITestsLaunchTests.swift */; };
/* End PBXBuildFile section */

/* Begin PBXContainerItemProxy section */
		5E3FDEF22B6BE53B004454BD /* PBXContainerItemProxy */ = {
			isa = PBXContainerItemProxy;
			containerPortal = 5E3FDED82B6BE537004454BD /* Project object */;
			proxyType = 1;
			remoteGlobalIDString = 5E3FDEDF2B6BE537004454BD;
			remoteInfo = TempoChange;
		};
		5E3FDEFC2B6BE53B004454BD /* PBXContainerItemProxy */ = {
			isa = PBXContainerItemProxy;
			containerPortal = 5E3FDED82B6BE537004454BD /* Project object */;
			proxyType = 1;
			remoteGlobalIDString = 5E3FDEDF2B6BE537004454BD;
			remoteInfo = TempoChange;
		};
/* End PBXContainerItemProxy section */

/* Begin PBXFileReference section */
		5E3FDEE02B6BE537004454BD /* TempoChange.app */ = {isa = PBXFileReference; explicitFileType = wrapper.application; includeInIndex = 0; path = TempoChange.app; sourceTree = BUILT_PRODUCTS_DIR; };
		5E3FDEE32B6BE537004454BD /* TempoChangeApp.swift */ = {isa = PBXFileReference; lastKnownFileType = sourcecode.swift; path = TempoChangeApp.swift; sourceTree = "<group>"; };
		5E3FDEE52B6BE537004454BD /* ContentView.swift */ = {isa = PBXFileReference; lastKnownFileType = sourcecode.swift; path = ContentView.swift; sourceTree = "<group>"; };
		5E3FDEE72B6BE53A004454BD /* Assets.xcassets */ = {isa = PBXFileReference; lastKnownFileType = folder.assetcatalog; path = Assets.xcassets; sourceTree = "<group>"; };
		5E3FDEE92B6BE53A004454BD /* TempoChange.entitlements */ = {isa = PBXFileReference; lastKnownFileType = text.plist.entitlements; path = TempoChange.entitlements; sourceTree = "<group>"; };
		5E3FDEEB2B6BE53A004454BD /* Preview Assets.xcassets */ = {isa = PBXFileReference; lastKnownFileType = folder.assetcatalog; path = "Preview Assets.xcassets"; sourceTree = "<group>"; };
		5E3FDEF12B6BE53B004454BD /* TempoChangeTests.xctest */ = {isa = PBXFileReference; explicitFileType = wrapper.cfbundle; includeInIndex = 0; path = TempoChangeTests.xctest; sourceTree = BUILT_PRODUCTS_DIR; };
		5E3FDEF52B6BE53B004454BD /* TempoChangeTests.swift */ = {isa = PBXFileReference; lastKnownFileType = sourcecode.swift; path = TempoChangeTests.swift; sourceTree = "<group>"; };
		5E3FDEFB2B6BE53B004454BD /* TempoChangeUITests.xctest */ = {isa = PBXFileReference; explicitFileType = wrapper.cfbundle; includeInIndex = 0; path = TempoChangeUITests.xctest; sourceTree = BUILT_PRODUCTS_DIR; };
		5E3FDEFF2B6BE53B004454BD /* TempoChangeUITests.swift */ = {isa = PBXFileReference; lastKnownFileType = sourcecode.swift; path = TempoChangeUITests.swift; sourceTree = "<group>"; };
		5E3FDF012B6BE53B004454BD /* TempoChangeUITestsLaunchTests.swift */ = {isa = PBXFileReference; lastKnownFileType = sourcecode.swift; path = TempoChangeUITestsLaunchTests.swift; sourceTree = "<group>"; };
/* End PBXFileReference section */

/* Begin PBXFrameworksBuildPhase section */
		5E3FDEDD2B6BE537004454BD /* Frameworks */ = {
			isa = PBXFrameworksBuildPhase;
			buildActionMask = 2147483647;
			files = (
			);
			runOnlyForDeploymentPostprocessing = 0;
		};
		5E3FDEEE2B6BE53B004454BD /* Frameworks */ = {
			isa = PBXFrameworksBuildPhase;
			buildActionMask = 2147483647;
			files = (
			);
			runOnlyForDeploymentPostprocessing = 0;
		};
		5E3FDEF82B6BE53B004454BD /* Frameworks */ = {
			isa = PBXFrameworksBuildPhase;
			buildActionMask = 2147483647;
			files = (
			);
			runOnlyForDeploymentPostprocessing = 0;
		};
/* End PBXFrameworksBuildPhase section */

/* Begin PBXGroup section */
		5E3FDED72B6BE537004454BD = {
			isa = PBXGroup;
			children = (
				5E3FDEE22B6BE537004454BD /* TempoChange */,
				5E3FDEF42B6BE53B004454BD /* TempoChangeTests */,
				5E3FDEFE2B6BE53B004454BD /* TempoChangeUITests */,
				5E3FDEE12B6BE537004454BD /* Products */,
			);
			sourceTree = "<group>";
		};
		5E3FDEE12B6BE537004454BD /* Products */ = {
			isa = PBXGroup;
			children = (
				5E3FDEE02B6BE537004454BD /* TempoChange.app */,
				5E3FDEF12B6BE53B004454BD /* TempoChangeTests.xctest */,
				5E3FDEFB2B6BE53B004454BD /* TempoChangeUITests.xctest */,
			);
			name = Products;
			sourceTree = "<group>";
		};
		5E3FDEE22B6BE537004454BD /* TempoChange */ = {
			isa = PBXGroup;
			children = (
				5E3FDEE32B6BE537004454BD /* TempoChangeApp.swift */,
				5E3FDEE52B6BE537004454BD /* ContentView.swift */,
				5E3FDEE72B6BE53A004454BD /* Assets.xcassets */,
				5E3FDEE92B6BE53A004454BD /* TempoChange.entitlements */,
				5E3FDEEA2B6BE53A004454BD /* Preview Content */,
			);
			path = TempoChange;
			sourceTree = "<group>";
		};
		5E3FDEEA2B6BE53A004454BD /* Preview Content */ = {
			isa = PBXGroup;
			children = (
				5E3FDEEB2B6BE53A004454BD /* Preview Assets.xcassets */,
			);
			path = "Preview Content";
			sourceTree = "<group>";
		};
		5E3FDEF42B6BE53B004454BD /* TempoChangeTests */ = {
			isa = PBXGroup;
			children = (
				5E3FDEF52B6BE53B004454BD /* TempoChangeTests.swift */,
			);
			path = TempoChangeTests;
			sourceTree = "<group>";
		};
		5E3FDEFE2B6BE53B004454BD /* TempoChangeUITests */ = {
			isa = PBXGroup;
			children = (
				5E3FDEFF2B6BE53B004454BD /* TempoChangeUITests.swift */,
				5E3FDF012B6BE53B004454BD /* TempoChangeUITestsLaunchTests.swift */,
			);
			path = TempoChangeUITests;
			sourceTree = "<group>";
		};
/* End PBXGroup section */

/* Begin PBXNativeTarget section */
		5E3FDEDF2B6BE537004454BD /* TempoChange */ = {
			isa = PBXNativeTarget;
			buildConfigurationList = 5E3FDF052B6BE53B004454BD /* Build configuration list for PBXNativeTarget "TempoChange" */;
			buildPhases = (
				5E3FDEDC2B6BE537004454BD /* Sources */,
				5E3FDEDD2B6BE537004454BD /* Frameworks */,
				5E3FDEDE2B6BE537004454BD /* Resources */,
			);
			buildRules = (
			);
			dependencies = (
			);
			name = TempoChange;
			productName = TempoChange;
			productReference = 5E3FDEE02B6BE537004454BD /* TempoChange.app */;
			productType = "com.apple.product-type.application";
		};
		5E3FDEF02B6BE53B004454BD /* TempoChangeTests */ = {
			isa = PBXNativeTarget;
			buildConfigurationList = 5E3FDF082B6BE53B004454BD /* Build configuration list for PBXNativeTarget "TempoChangeTests" */;
			buildPhases = (
				5E3FDEED2B6BE53B004454BD /* Sources */,
				5E3FDEEE2B6BE53B004454BD /* Frameworks */,
				5E3FDEEF2B6BE53B004454BD /* Resources */,
			);
			buildRules = (
			);
			dependencies = (
				5E3FDEF32B6BE53B004454BD /* PBXTargetDependency */,
			);
			name = TempoChangeTests;
			productName = TempoChangeTests;
			productReference = 5E3FDEF12B6BE53B004454BD /* TempoChangeTests.xctest */;
			productType = "com.apple.product-type.bundle.unit-test";
		};
		5E3FDEFA2B6BE53B004454BD /* TempoChangeUITests */ = {
			isa = PBXNativeTarget;
			buildConfigurationList = 5E3FDF0B2B6BE53B004454BD /* Build configuration list for PBXNativeTarget "TempoChangeUITests" */;
			buildPhases = (
				5E3FDEF72B6BE53B004454BD /* Sources */,
				5E3FDEF82B6BE53B004454BD /* Frameworks */,
				5E3FDEF92B6BE53B004454BD /* Resources */,
			);
			buildRules = (
			);
			dependencies = (
				5E3FDEFD2B6BE53B004454BD /* PBXTargetDependency */,
			);
			name = TempoChangeUITests;
			productName = TempoChangeUITests;
			productReference = 5E3FDEFB2B6BE53B004454BD /* TempoChangeUITests.xctest */;
			productType = "com.apple.product-type.bundle.ui-testing";
		};
/* End PBXNativeTarget section */

/* Begin PBXProject section */
		5E3FDED82B6BE537004454BD /* Project object */ = {
			isa = PBXProject;
			attributes = {
				BuildIndependentTargetsInParallel = 1;
				LastSwiftUpdateCheck = 1500;
				LastUpgradeCheck = 1500;
				TargetAttributes = {
					5E3FDEDF2B6BE537004454BD = {
						CreatedOnToolsVersion = 15.0.1;
					};
					5E3FDEF02B6BE53B004454BD = {
						CreatedOnToolsVersion = 15.0.1;
						TestTargetID = 5E3FDEDF2B6BE537004454BD;
					};
					5E3FDEFA2B6BE53B004454BD = {
						CreatedOnToolsVersion = 15.0.1;
						TestTargetID = 5E3FDEDF2B6BE537004454BD;
					};
				};
			};
			buildConfigurationList = 5E3FDEDB2B6BE537004454BD /* Build configuration list for PBXProject "TempoChange" */;
			compatibilityVersion = "Xcode 14.0";
			developmentRegion = en;
			hasScannedForEncodings = 0;
			knownRegions = (
				en,
				Base,
			);
			mainGroup = 5E3FDED72B6BE537004454BD;
			productRefGroup = 5E3FDEE12B6BE537004454BD /* Products */;
			projectDirPath = "";
			projectRoot = "";
			targets = (
				5E3FDEDF2B6BE537004454BD /* TempoChange */,
				5E3FDEF02B6BE53B004454BD /* TempoChangeTests */,
				5E3FDEFA2B6BE53B004454BD /* TempoChangeUITests */,
			);
		};
/* End PBXProject section */

/* Begin PBXResourcesBuildPhase section */
		5E3FDEDE2B6BE537004454BD /* Resources */ = {
			isa = PBXResourcesBuildPhase;
			buildActionMask = 2147483647;
			files = (
				5E3FDEEC2B6BE53A004454BD /* Preview Assets.xcassets in Resources */,
				5E3FDEE82B6BE53A004454BD /* Assets.xcassets in Resources */,
			);
			runOnlyForDeploymentPostprocessing = 0;
		};
		5E3FDEEF2B6BE53B004454BD /* Resources */ = {
			isa = PBXResourcesBuildPhase;
			buildActionMask = 2147483647;
			files = (
			);
			runOnlyForDeploymentPostprocessing = 0;
		};
		5E3FDEF92B6BE53B004454BD /* Resources */ = {
			isa = PBXResourcesBuildPhase;
			buildActionMask = 2147483647;
			files = (
			);
			runOnlyForDeploymentPostprocessing = 0;
		};
/* End PBXResourcesBuildPhase section */

/* Begin PBXSourcesBuildPhase section */
		5E3FDEDC2B6BE537004454BD /* Sources */ = {
			isa = PBXSourcesBuildPhase;
			buildActionMask = 2147483647;
			files = (
				5E3FDEE62B6BE537004454BD /* ContentView.swift in Sources */,
				5E3FDEE42B6BE537004454BD /* TempoChangeApp.swift in Sources */,
			);
			runOnlyForDeploymentPostprocessing = 0;
		};
		5E3FDEED2B6BE53B004454BD /* Sources */ = {
			isa = PBXSourcesBuildPhase;
			buildActionMask = 2147483647;
			files = (
				5E3FDEF62B6BE53B004454BD /* TempoChangeTests.swift in Sources */,
			);
			runOnlyForDeploymentPostprocessing = 0;
		};
		5E3FDEF72B6BE53B004454BD /* Sources */ = {
			isa = PBXSourcesBuildPhase;
			buildActionMask = 2147483647;
			files = (
				5E3FDF022B6BE53B004454BD /* TempoChangeUITestsLaunchTests.swift in Sources */,
				5E3FDF002B6BE53B004454BD /* TempoChangeUITests.swift in Sources */,
			);
			runOnlyForDeploymentPostprocessing = 0;
		};
/* End PBXSourcesBuildPhase section */

/* Begin PBXTargetDependency section */
		5E3FDEF32B6BE53B004454BD /* PBXTargetDependency */ = {
			isa = PBXTargetDependency;
			target = 5E3FDEDF2B6BE537004454BD /* TempoChange */;
			targetProxy = 5E3FDEF22B6BE53B004454BD /* PBXContainerItemProxy */;
		};
		5E3FDEFD2B6BE53B004454BD /* PBXTargetDependency */ = {
			isa = PBXTargetDependency;
			target = 5E3FDEDF2B6BE537004454BD /* TempoChange */;
			targetProxy = 5E3FDEFC2B6BE53B004454BD /* PBXContainerItemProxy */;
		};
/* End PBXTargetDependency section */

/* Begin XCBuildConfiguration section */
		5E3FDF032B6BE53B004454BD /* Debug */ = {
			isa = XCBuildConfiguration;
			buildSettings = {
				ALWAYS_SEARCH_USER_PATHS = NO;
				ASSETCATALOG_COMPILER_GENERATE_SWIFT_ASSET_SYMBOL_EXTENSIONS = YES;
				CLANG_ANALYZER_NONNULL = YES;
				CLANG_ANALYZER_NUMBER_OBJECT_CONVERSION = YES_AGGRESSIVE;
				CLANG_CXX_LANGUAGE_STANDARD = "gnu++20";
				CLANG_ENABLE_MODULES = YES;
				CLANG_ENABLE_OBJC_ARC = YES;
				CLANG_ENABLE_OBJC_WEAK = YES;
				CLANG_WARN_BLOCK_CAPTURE_AUTORELEASING = YES;
				CLANG_WARN_BOOL_CONVERSION = YES;
				CLANG_WARN_COMMA = YES;
				CLANG_WARN_CONSTANT_CONVERSION = YES;
				CLANG_WARN_DEPRECATED_OBJC_IMPLEMENTATIONS = YES;
				CLANG_WARN_DIRECT_OBJC_ISA_USAGE = YES_ERROR;
				CLANG_WARN_DOCUMENTATION_COMMENTS = YES;
				CLANG_WARN_EMPTY_BODY = YES;
				CLANG_WARN_ENUM_CONVERSION = YES;
				CLANG_WARN_INFINITE_RECURSION = YES;
				CLANG_WARN_INT_CONVERSION = YES;
				CLANG_WARN_NON_LITERAL_NULL_CONVERSION = YES;
				CLANG_WARN_OBJC_IMPLICIT_RETAIN_SELF = YES;
				CLANG_WARN_OBJC_LITERAL_CONVERSION = YES;
				CLANG_WARN_OBJC_ROOT_CLASS = YES_ERROR;
				CLANG_WARN_QUOTED_INCLUDE_IN_FRAMEWORK_HEADER = YES;
				CLANG_WARN_RANGE_LOOP_ANALYSIS = YES;
				CLANG_WARN_STRICT_PROTOTYPES = YES;
				CLANG_WARN_SUSPICIOUS_MOVE = YES;
				CLANG_WARN_UNGUARDED_AVAILABILITY = YES_AGGRESSIVE;
				CLANG_WARN_UNREACHABLE_CODE = YES;
				CLANG_WARN__DUPLICATE_METHOD_MATCH = YES;
				COPY_PHASE_STRIP = NO;
				DEBUG_INFORMATION_FORMAT = dwarf;
				ENABLE_STRICT_OBJC_MSGSEND = YES;
				ENABLE_TESTABILITY = YES;
				ENABLE_USER_SCRIPT_SANDBOXING = YES;
				GCC_C_LANGUAGE_STANDARD = gnu17;
				GCC_DYNAMIC_NO_PIC = NO;
				GCC_NO_COMMON_BLOCKS = YES;
				GCC_OPTIMIZATION_LEVEL = 0;
				GCC_PREPROCESSOR_DEFINITIONS = (
					"DEBUG=1",
					"$(inherited)",
				);
				GCC_WARN_64_TO_32_BIT_CONVERSION = YES;
				GCC_WARN_ABOUT_RETURN_TYPE = YES_ERROR;
				GCC_WARN_UNDECLARED_SELECTOR = YES;
				GCC_WARN_UNINITIALIZED_AUTOS = YES_AGGRESSIVE;
				GCC_WARN_UNUSED_FUNCTION = YES;
				GCC_WARN_UNUSED_VARIABLE = YES;
				LOCALIZATION_PREFERS_STRING_CATALOGS = YES;
				MTL_ENABLE_DEBUG_INFO = INCLUDE_SOURCE;
				MTL_FAST_MATH = YES;
				ONLY_ACTIVE_ARCH = YES;
				SWIFT_ACTIVE_COMPILATION_CONDITIONS = "DEBUG $(inherited)";
				SWIFT_OPTIMIZATION_LEVEL = "-Onone";
			};
			name = Debug;
		};
		5E3FDF042B6BE53B004454BD /* Release */ = {
			isa = XCBuildConfiguration;
			buildSettings = {
				ALWAYS_SEARCH_USER_PATHS = NO;
				ASSETCATALOG_COMPILER_GENERATE_SWIFT_ASSET_SYMBOL_EXTENSIONS = YES;
				CLANG_ANALYZER_NONNULL = YES;
				CLANG_ANALYZER_NUMBER_OBJECT_CONVERSION = YES_AGGRESSIVE;
				CLANG_CXX_LANGUAGE_STANDARD = "gnu++20";
				CLANG_ENABLE_MODULES = YES;
				CLANG_ENABLE_OBJC_ARC = YES;
				CLANG_ENABLE_OBJC_WEAK = YES;
				CLANG_WARN_BLOCK_CAPTURE_AUTORELEASING = YES;
				CLANG_WARN_BOOL_CONVERSION = YES;
				CLANG_WARN_COMMA = YES;
				CLANG_WARN_CONSTANT_CONVERSION = YES;
				CLANG_WARN_DEPRECATED_OBJC_IMPLEMENTATIONS = YES;
				CLANG_WARN_DIRECT_OBJC_ISA_USAGE = YES_ERROR;
				CLANG_WARN_DOCUMENTATION_COMMENTS = YES;
				CLANG_WARN_EMPTY_BODY = YES;
				CLANG_WARN_ENUM_CONVERSION = YES;
				CLANG_WARN_INFINITE_RECURSION = YES;
				CLANG_WARN_INT_CONVERSION = YES;
				CLANG_WARN_NON_LITERAL_NULL_CONVERSION = YES;
				CLANG_WARN_OBJC_IMPLICIT_RETAIN_SELF = YES;
				CLANG_WARN_OBJC_LITERAL_CONVERSION = YES;
				CLANG_WARN_OBJC_ROOT_CLASS = YES_ERROR;
				CLANG_WARN_QUOTED_INCLUDE_IN_FRAMEWORK_HEADER = YES;
				CLANG_WARN_RANGE_LOOP_ANALYSIS = YES;
				CLANG_WARN_STRICT_PROTOTYPES = YES;
				CLANG_WARN_SUSPICIOUS_MOVE = YES;
				CLANG_WARN_UNGUARDED_AVAILABILITY = YES_AGGRESSIVE;
				CLANG_WARN_UNREACHABLE_CODE = YES;
				CLANG_WARN__DUPLICATE_METHOD_MATCH = YES;
				COPY_PHASE_STRIP = NO;
				DEBUG_INFORMATION_FORMAT = "dwarf-with-dsym";
				ENABLE_NS_ASSERTIONS = NO;
				ENABLE_STRICT_OBJC_MSGSEND = YES;
				ENABLE_USER_SCRIPT_SANDBOXING = YES;
				GCC_C_LANGUAGE_STANDARD = gnu17;
				GCC_NO_COMMON_BLOCKS = YES;
				GCC_WARN_64_TO_32_BIT_CONVERSION = YES;
				GCC_WARN_ABOUT_RETURN_TYPE = YES_ERROR;
				GCC_WARN_UNDECLARED_SELECTOR = YES;
				GCC_WARN_UNINITIALIZED_AUTOS = YES_AGGRESSIVE;
				GCC_WARN_UNUSED_FUNCTION = YES;
				GCC_WARN_UNUSED_VARIABLE = YES;
				LOCALIZATION_PREFERS_STRING_CATALOGS = YES;
				MTL_ENABLE_DEBUG_INFO = NO;
				MTL_FAST_MATH = YES;
				SWIFT_COMPILATION_MODE = wholemodule;
			};
			name = Release;
		};
		5E3FDF062B6BE53B004454BD /* Debug */ = {
			isa = XCBuildConfiguration;
			buildSettings = {
				ASSETCATALOG_COMPILER_APPICON_NAME = AppIcon;
				ASSETCATALOG_COMPILER_GLOBAL_ACCENT_COLOR_NAME = AccentColor;
				CODE_SIGN_ENTITLEMENTS = TempoChange/TempoChange.entitlements;
				CODE_SIGN_STYLE = Automatic;
				CURRENT_PROJECT_VERSION = 1;
				DEVELOPMENT_ASSET_PATHS = "\"TempoChange/Preview Content\"";
				DEVELOPMENT_TEAM = 55QPM639U2;
				ENABLE_HARDENED_RUNTIME = YES;
				ENABLE_PREVIEWS = YES;
				GENERATE_INFOPLIST_FILE = YES;
				"INFOPLIST_KEY_UIApplicationSceneManifest_Generation[sdk=iphoneos*]" = YES;
				"INFOPLIST_KEY_UIApplicationSceneManifest_Generation[sdk=iphonesimulator*]" = YES;
				"INFOPLIST_KEY_UIApplicationSupportsIndirectInputEvents[sdk=iphoneos*]" = YES;
				"INFOPLIST_KEY_UIApplicationSupportsIndirectInputEvents[sdk=iphonesimulator*]" = YES;
				"INFOPLIST_KEY_UILaunchScreen_Generation[sdk=iphoneos*]" = YES;
				"INFOPLIST_KEY_UILaunchScreen_Generation[sdk=iphonesimulator*]" = YES;
				"INFOPLIST_KEY_UIStatusBarStyle[sdk=iphoneos*]" = UIStatusBarStyleDefault;
				"INFOPLIST_KEY_UIStatusBarStyle[sdk=iphonesimulator*]" = UIStatusBarStyleDefault;
				INFOPLIST_KEY_UISupportedInterfaceOrientations_iPad = "UIInterfaceOrientationPortrait UIInterfaceOrientationPortraitUpsideDown UIInterfaceOrientationLandscapeLeft UIInterfaceOrientationLandscapeRight";
				INFOPLIST_KEY_UISupportedInterfaceOrientations_iPhone = "UIInterfaceOrientationPortrait UIInterfaceOrientationLandscapeLeft UIInterfaceOrientationLandscapeRight";
				IPHONEOS_DEPLOYMENT_TARGET = 17.0;
				LD_RUNPATH_SEARCH_PATHS = "@executable_path/Frameworks";
				"LD_RUNPATH_SEARCH_PATHS[sdk=macosx*]" = "@executable_path/../Frameworks";
				MACOSX_DEPLOYMENT_TARGET = 14.0;
				MARKETING_VERSION = 1.0;
				PRODUCT_BUNDLE_IDENTIFIER = com.alexisdoualle.TempoChange;
				PRODUCT_NAME = "$(TARGET_NAME)";
				SDKROOT = auto;
				SUPPORTED_PLATFORMS = "iphoneos iphonesimulator macosx";
				SWIFT_EMIT_LOC_STRINGS = YES;
				SWIFT_VERSION = 5.0;
				TARGETED_DEVICE_FAMILY = "1,2";
			};
			name = Debug;
		};
		5E3FDF072B6BE53B004454BD /* Release */ = {
			isa = XCBuildConfiguration;
			buildSettings = {
				ASSETCATALOG_COMPILER_APPICON_NAME = AppIcon;
				ASSETCATALOG_COMPILER_GLOBAL_ACCENT_COLOR_NAME = AccentColor;
				CODE_SIGN_ENTITLEMENTS = TempoChange/TempoChange.entitlements;
				CODE_SIGN_STYLE = Automatic;
				CURRENT_PROJECT_VERSION = 1;
				DEVELOPMENT_ASSET_PATHS = "\"TempoChange/Preview Content\"";
				DEVELOPMENT_TEAM = 55QPM639U2;
				ENABLE_HARDENED_RUNTIME = YES;
				ENABLE_PREVIEWS = YES;
				GENERATE_INFOPLIST_FILE = YES;
				"INFOPLIST_KEY_UIApplicationSceneManifest_Generation[sdk=iphoneos*]" = YES;
				"INFOPLIST_KEY_UIApplicationSceneManifest_Generation[sdk=iphonesimulator*]" = YES;
				"INFOPLIST_KEY_UIApplicationSupportsIndirectInputEvents[sdk=iphoneos*]" = YES;
				"INFOPLIST_KEY_UIApplicationSupportsIndirectInputEvents[sdk=iphonesimulator*]" = YES;
				"INFOPLIST_KEY_UILaunchScreen_Generation[sdk=iphoneos*]" = YES;
				"INFOPLIST_KEY_UILaunchScreen_Generation[sdk=iphonesimulator*]" = YES;
				"INFOPLIST_KEY_UIStatusBarStyle[sdk=iphoneos*]" = UIStatusBarStyleDefault;
				"INFOPLIST_KEY_UIStatusBarStyle[sdk=iphonesimulator*]" = UIStatusBarStyleDefault;
				INFOPLIST_KEY_UISupportedInterfaceOrientations_iPad = "UIInterfaceOrientationPortrait UIInterfaceOrientationPortraitUpsideDown UIInterfaceOrientationLandscapeLeft UIInterfaceOrientationLandscapeRight";
				INFOPLIST_KEY_UISupportedInterfaceOrientations_iPhone = "UIInterfaceOrientationPortrait UIInterfaceOrientationLandscapeLeft UIInterfaceOrientationLandscapeRight";
				IPHONEOS_DEPLOYMENT_TARGET = 17.0;
				LD_RUNPATH_SEARCH_PATHS = "@executable_path/Frameworks";
				"LD_RUNPATH_SEARCH_PATHS[sdk=macosx*]" = "@executable_path/../Frameworks";
				MACOSX_DEPLOYMENT_TARGET = 14.0;
				MARKETING_VERSION = 1.0;
				PRODUCT_BUNDLE_IDENTIFIER = com.alexisdoualle.TempoChange;
				PRODUCT_NAME = "$(TARGET_NAME)";
				SDKROOT = auto;
				SUPPORTED_PLATFORMS = "iphoneos iphonesimulator macosx";
				SWIFT_EMIT_LOC_STRINGS = YES;
				SWIFT_VERSION = 5.0;
				TARGETED_DEVICE_FAMILY = "1,2";
			};
			name = Release;
		};
		5E3FDF092B6BE53B004454BD /* Debug */ = {
			isa = XCBuildConfiguration;
			buildSettings = {
				ALWAYS_EMBED_SWIFT_STANDARD_LIBRARIES = YES;
				BUNDLE_LOADER = "$(TEST_HOST)";
				CODE_SIGN_STYLE = Automatic;
				CURRENT_PROJECT_VERSION = 1;
				DEVELOPMENT_TEAM = 55QPM639U2;
				GENERATE_INFOPLIST_FILE = YES;
				IPHONEOS_DEPLOYMENT_TARGET = 17.0;
				MACOSX_DEPLOYMENT_TARGET = 14.0;
				MARKETING_VERSION = 1.0;
				PRODUCT_BUNDLE_IDENTIFIER = com.alexisdoualle.TempoChangeTests;
				PRODUCT_NAME = "$(TARGET_NAME)";
				SDKROOT = auto;
				SUPPORTED_PLATFORMS = "iphoneos iphonesimulator macosx";
				SWIFT_EMIT_LOC_STRINGS = NO;
				SWIFT_VERSION = 5.0;
				TARGETED_DEVICE_FAMILY = "1,2";
				TEST_HOST = "$(BUILT_PRODUCTS_DIR)/TempoChange.app/$(BUNDLE_EXECUTABLE_FOLDER_PATH)/TempoChange";
			};
			name = Debug;
		};
		5E3FDF0A2B6BE53B004454BD /* Release */ = {
			isa = XCBuildConfiguration;
			buildSettings = {
				ALWAYS_EMBED_SWIFT_STANDARD_LIBRARIES = YES;
				BUNDLE_LOADER = "$(TEST_HOST)";
				CODE_SIGN_STYLE = Automatic;
				CURRENT_PROJECT_VERSION = 1;
				DEVELOPMENT_TEAM = 55QPM639U2;
				GENERATE_INFOPLIST_FILE = YES;
				IPHONEOS_DEPLOYMENT_TARGET = 17.0;
				MACOSX_DEPLOYMENT_TARGET = 14.0;
				MARKETING_VERSION = 1.0;
				PRODUCT_BUNDLE_IDENTIFIER = com.alexisdoualle.TempoChangeTests;
				PRODUCT_NAME = "$(TARGET_NAME)";
				SDKROOT = auto;
				SUPPORTED_PLATFORMS = "iphoneos iphonesimulator macosx";
				SWIFT_EMIT_LOC_STRINGS = NO;
				SWIFT_VERSION = 5.0;
				TARGETED_DEVICE_FAMILY = "1,2";
				TEST_HOST = "$(BUILT_PRODUCTS_DIR)/TempoChange.app/$(BUNDLE_EXECUTABLE_FOLDER_PATH)/TempoChange";
			};
			name = Release;
		};
		5E3FDF0C2B6BE53B004454BD /* Debug */ = {
			isa = XCBuildConfiguration;
			buildSettings = {
				ALWAYS_EMBED_SWIFT_STANDARD_LIBRARIES = YES;
				CODE_SIGN_STYLE = Automatic;
				CURRENT_PROJECT_VERSION = 1;
				DEVELOPMENT_TEAM = 55QPM639U2;
				GENERATE_INFOPLIST_FILE = YES;
				IPHONEOS_DEPLOYMENT_TARGET = 17.0;
				MACOSX_DEPLOYMENT_TARGET = 14.0;
				MARKETING_VERSION = 1.0;
				PRODUCT_BUNDLE_IDENTIFIER = com.alexisdoualle.TempoChangeUITests;
				PRODUCT_NAME = "$(TARGET_NAME)";
				SDKROOT = auto;
				SUPPORTED_PLATFORMS = "iphoneos iphonesimulator macosx";
				SWIFT_EMIT_LOC_STRINGS = NO;
				SWIFT_VERSION = 5.0;
				TARGETED_DEVICE_FAMILY = "1,2";
				TEST_TARGET_NAME = TempoChange;
			};
			name = Debug;
		};
		5E3FDF0D2B6BE53B004454BD /* Release */ = {
			isa = XCBuildConfiguration;
			buildSettings = {
				ALWAYS_EMBED_SWIFT_STANDARD_LIBRARIES = YES;
				CODE_SIGN_STYLE = Automatic;
				CURRENT_PROJECT_VERSION = 1;
				DEVELOPMENT_TEAM = 55QPM639U2;
				GENERATE_INFOPLIST_FILE = YES;
				IPHONEOS_DEPLOYMENT_TARGET = 17.0;
				MACOSX_DEPLOYMENT_TARGET = 14.0;
				MARKETING_VERSION = 1.0;
				PRODUCT_BUNDLE_IDENTIFIER = com.alexisdoualle.TempoChangeUITests;
				PRODUCT_NAME = "$(TARGET_NAME)";
				SDKROOT = auto;
				SUPPORTED_PLATFORMS = "iphoneos iphonesimulator macosx";
				SWIFT_EMIT_LOC_STRINGS = NO;
				SWIFT_VERSION = 5.0;
				TARGETED_DEVICE_FAMILY = "1,2";
				TEST_TARGET_NAME = TempoChange;
			};
			name = Release;
		};
/* End XCBuildConfiguration section */

/* Begin XCConfigurationList section */
		5E3FDEDB2B6BE537004454BD /* Build configuration list for PBXProject "TempoChange" */ = {
			isa = XCConfigurationList;
			buildConfigurations = (
				5E3FDF032B6BE53B004454BD /* Debug */,
				5E3FDF042B6BE53B004454BD /* Release */,
			);
			defaultConfigurationIsVisible = 0;
			defaultConfigurationName = Release;
		};
		5E3FDF052B6BE53B004454BD /* Build configuration list for PBXNativeTarget "TempoChange" */ = {
			isa = XCConfigurationList;
			buildConfigurations = (
				5E3FDF062B6BE53B004454BD /* Debug */,
				5E3FDF072B6BE53B004454BD /* Release */,
			);
			defaultConfigurationIsVisible = 0;
			defaultConfigurationName = Release;
		};
		5E3FDF082B6BE53B004454BD /* Build configuration list for PBXNativeTarget "TempoChangeTests" */ = {
			isa = XCConfigurationList;
			buildConfigurations = (
				5E3FDF092B6BE53B004454BD /* Debug */,
				5E3FDF0A2B6BE53B004454BD /* Release */,
			);
			defaultConfigurationIsVisible = 0;
			defaultConfigurationName = Release;
		};
		5E3FDF0B2B6BE53B004454BD /* Build configuration list for PBXNativeTarget "TempoChangeUITests" */ = {
			isa = XCConfigurationList;
			buildConfigurations = (
				5E3FDF0C2B6BE53B004454BD /* Debug */,
				5E3FDF0D2B6BE53B004454BD /* Release */,
			);
			defaultConfigurationIsVisible = 0;
			defaultConfigurationName = Release;
		};
/* End XCConfigurationList section */
	};
	rootObject = 5E3FDED82B6BE537004454BD /* Project object */;
}
